
Microsoft Visual Studio Solution File, Format Version 12.00
# Visual Studio Version 17
VisualStudioVersion = 17.3.32811.315
MinimumVisualStudioVersion = 10.0.40219.1
Project("{FAE04EC0-301F-11D3-BF4B-00C04F79EFBC}") = "MoodAnalyserProblem", "MoodAnalyserProblem.csproj", "{428EECF6-FEE5-46D6-9594-ACD1A2D48713}"
EndProject
Project("{FAE04EC0-301F-11D3-BF4B-00C04F79EFBC}") = "TestingMoodAnalyser", "..\TestingMoodAnalyser\TestingMoodAnalyser.csproj", "{054F6F4A-437E-4B01-BACA-264926BCE36C}"
EndProject
Global
	GlobalSection(SolutionConfigurationPlatforms) = preSolution
		Debug|Any CPU = Debug|Any CPU
		Release|Any CPU = Release|Any CPU
	EndGlobalSection
	GlobalSection(ProjectConfigurationPlatforms) = postSolution
		{428EECF6-FEE5-46D6-9594-ACD1A2D48713}.Debug|Any CPU.ActiveCfg = Debug|Any CPU
		{428EECF6-FEE5-46D6-9594-ACD1A2D48713}.Debug|Any CPU.Build.0 = Debug|Any CPU
		{428EECF6-FEE5-46D6-9594-ACD1A2D48713}.Release|Any CPU.ActiveCfg = Release|Any CPU
		{428EECF6-FEE5-46D6-9594-ACD1A2D48713}.Release|Any CPU.Build.0 = Release|Any CPU
		{054F6F4A-437E-4B01-BACA-264926BCE36C}.Debug|Any CPU.ActiveCfg = Debug|Any CPU
		{054F6F4A-437E-4B01-BACA-264926BCE36C}.Debug|Any CPU.Build.0 = Debug|Any CPU
		{054F6F4A-437E-4B01-BACA-264926BCE36C}.Release|Any CPU.ActiveCfg = Release|Any CPU
		{054F6F4A-437E-4B01-BACA-264926BCE36C}.Release|Any CPU.Build.0 = Release|Any CPU
	EndGlobalSection
	GlobalSection(SolutionProperties) = preSolution
		HideSolutionNode = FALSE
	EndGlobalSection
	GlobalSection(ExtensibilityGlobals) = postSolution
		SolutionGuid = {5C977D8F-A332-4EC3-88F9-97B27E3970C6}
	EndGlobalSection
EndGlobal
